
Microsoft Visual Studio Solution File, Format Version 12.00
# Visual Studio Version 16
VisualStudioVersion = 16.0.30804.86
MinimumVisualStudioVersion = 10.0.40219.1
Project("{8BC9CEB8-8B4A-11D0-8D11-00A0C91BC942}") = "app", "app\app.vcxproj", "{96F0A15E-6E31-4228-83F7-C7FF441820E2}"
	ProjectSection(ProjectDependencies) = postProject
		{DD4D9C48-1B9C-4DA0-9357-158E69D683C9} = {DD4D9C48-1B9C-4DA0-9357-158E69D683C9}
		{2664D759-B028-4412-B9A9-3FC86BF14458} = {2664D759-B028-4412-B9A9-3FC86BF14458}
		{2D168B68-5D84-4DB6-B13E-883A5FD06496} = {2D168B68-5D84-4DB6-B13E-883A5FD06496}
		{08B82DB6-C8F2-41B2-A3C8-7208CD7E9A39} = {08B82DB6-C8F2-41B2-A3C8-7208CD7E9A39}
	EndProjectSection
EndProject
Project("{8BC9CEB8-8B4A-11D0-8D11-00A0C91BC942}") = "math", "math\math.vcxproj", "{08B82DB6-C8F2-41B2-A3C8-7208CD7E9A39}"
EndProject
Project("{8BC9CEB8-8B4A-11D0-8D11-00A0C91BC942}") = "gui", "gui\gui.vcxproj", "{2D168B68-5D84-4DB6-B13E-883A5FD06496}"
	ProjectSection(ProjectDependencies) = postProject
		{08B82DB6-C8F2-41B2-A3C8-7208CD7E9A39} = {08B82DB6-C8F2-41B2-A3C8-7208CD7E9A39}
	EndProjectSection
EndProject
Project("{8BC9CEB8-8B4A-11D0-8D11-00A0C91BC942}") = "node", "node\node.vcxproj", "{DD4D9C48-1B9C-4DA0-9357-158E69D683C9}"
	ProjectSection(ProjectDependencies) = postProject
		{2664D759-B028-4412-B9A9-3FC86BF14458} = {2664D759-B028-4412-B9A9-3FC86BF14458}
		{2D168B68-5D84-4DB6-B13E-883A5FD06496} = {2D168B68-5D84-4DB6-B13E-883A5FD06496}
		{08B82DB6-C8F2-41B2-A3C8-7208CD7E9A39} = {08B82DB6-C8F2-41B2-A3C8-7208CD7E9A39}
	EndProjectSection
EndProject
Project("{8BC9CEB8-8B4A-11D0-8D11-00A0C91BC942}") = "nif", "nif\nif.vcxproj", "{2664D759-B028-4412-B9A9-3FC86BF14458}"
	ProjectSection(ProjectDependencies) = postProject
		{AFDFF268-AC3D-4CB4-92A0-8FA5855ABE75} = {AFDFF268-AC3D-4CB4-92A0-8FA5855ABE75}
		{08B82DB6-C8F2-41B2-A3C8-7208CD7E9A39} = {08B82DB6-C8F2-41B2-A3C8-7208CD7E9A39}
	EndProjectSection
EndProject
Project("{8BC9CEB8-8B4A-11D0-8D11-00A0C91BC942}") = "tests", "tests\tests.vcxproj", "{0E4600C4-0FBE-4D26-974C-CF4EA1D792F8}"
EndProject
Project("{2150E333-8FDC-42A3-9474-1A3956D46DE8}") = "Solution Items", "Solution Items", "{E685139E-D63F-40BC-81BE-B0C22F018036}"
EndProject
Project("{8BC9CEB8-8B4A-11D0-8D11-00A0C91BC942}") = "niflib", "nif\niflib\niflib.vcxproj", "{AFDFF268-AC3D-4CB4-92A0-8FA5855ABE75}"
EndProject
Project("{8BC9CEB8-8B4A-11D0-8D11-00A0C91BC942}") = "nif_tests", "nif\nif_tests\nif_tests.vcxproj", "{4892F16A-50A4-474B-BD95-9F59C6E5999B}"
	ProjectSection(ProjectDependencies) = postProject
		{2664D759-B028-4412-B9A9-3FC86BF14458} = {2664D759-B028-4412-B9A9-3FC86BF14458}
		{AFDFF268-AC3D-4CB4-92A0-8FA5855ABE75} = {AFDFF268-AC3D-4CB4-92A0-8FA5855ABE75}
	EndProjectSection
EndProject
Project("{8BC9CEB8-8B4A-11D0-8D11-00A0C91BC942}") = "common", "common\common.vcxproj", "{B51E7783-D962-497A-AE8E-3C0F60195759}"
EndProject
Global
	GlobalSection(SolutionConfigurationPlatforms) = preSolution
		Debug|x64 = Debug|x64
		Debug|x86 = Debug|x86
		Release|x64 = Release|x64
		Release|x86 = Release|x86
	EndGlobalSection
	GlobalSection(ProjectConfigurationPlatforms) = postSolution
		{96F0A15E-6E31-4228-83F7-C7FF441820E2}.Debug|x64.ActiveCfg = Debug|x64
		{96F0A15E-6E31-4228-83F7-C7FF441820E2}.Debug|x64.Build.0 = Debug|x64
		{96F0A15E-6E31-4228-83F7-C7FF441820E2}.Debug|x86.ActiveCfg = Debug|Win32
		{96F0A15E-6E31-4228-83F7-C7FF441820E2}.Debug|x86.Build.0 = Debug|Win32
		{96F0A15E-6E31-4228-83F7-C7FF441820E2}.Release|x64.ActiveCfg = Release|x64
		{96F0A15E-6E31-4228-83F7-C7FF441820E2}.Release|x64.Build.0 = Release|x64
		{96F0A15E-6E31-4228-83F7-C7FF441820E2}.Release|x86.ActiveCfg = Release|Win32
		{96F0A15E-6E31-4228-83F7-C7FF441820E2}.Release|x86.Build.0 = Release|Win32
		{08B82DB6-C8F2-41B2-A3C8-7208CD7E9A39}.Debug|x64.ActiveCfg = Debug|x64
		{08B82DB6-C8F2-41B2-A3C8-7208CD7E9A39}.Debug|x64.Build.0 = Debug|x64
		{08B82DB6-C8F2-41B2-A3C8-7208CD7E9A39}.Debug|x86.ActiveCfg = Debug|Win32
		{08B82DB6-C8F2-41B2-A3C8-7208CD7E9A39}.Debug|x86.Build.0 = Debug|Win32
		{08B82DB6-C8F2-41B2-A3C8-7208CD7E9A39}.Release|x64.ActiveCfg = Release|x64
		{08B82DB6-C8F2-41B2-A3C8-7208CD7E9A39}.Release|x64.Build.0 = Release|x64
		{08B82DB6-C8F2-41B2-A3C8-7208CD7E9A39}.Release|x86.ActiveCfg = Release|Win32
		{08B82DB6-C8F2-41B2-A3C8-7208CD7E9A39}.Release|x86.Build.0 = Release|Win32
		{2D168B68-5D84-4DB6-B13E-883A5FD06496}.Debug|x64.ActiveCfg = Debug|x64
		{2D168B68-5D84-4DB6-B13E-883A5FD06496}.Debug|x64.Build.0 = Debug|x64
		{2D168B68-5D84-4DB6-B13E-883A5FD06496}.Debug|x86.ActiveCfg = Debug|Win32
		{2D168B68-5D84-4DB6-B13E-883A5FD06496}.Debug|x86.Build.0 = Debug|Win32
		{2D168B68-5D84-4DB6-B13E-883A5FD06496}.Release|x64.ActiveCfg = Release|x64
		{2D168B68-5D84-4DB6-B13E-883A5FD06496}.Release|x64.Build.0 = Release|x64
		{2D168B68-5D84-4DB6-B13E-883A5FD06496}.Release|x86.ActiveCfg = Release|Win32
		{2D168B68-5D84-4DB6-B13E-883A5FD06496}.Release|x86.Build.0 = Release|Win32
		{DD4D9C48-1B9C-4DA0-9357-158E69D683C9}.Debug|x64.ActiveCfg = Debug|x64
		{DD4D9C48-1B9C-4DA0-9357-158E69D683C9}.Debug|x64.Build.0 = Debug|x64
		{DD4D9C48-1B9C-4DA0-9357-158E69D683C9}.Debug|x86.ActiveCfg = Debug|Win32
		{DD4D9C48-1B9C-4DA0-9357-158E69D683C9}.Debug|x86.Build.0 = Debug|Win32
		{DD4D9C48-1B9C-4DA0-9357-158E69D683C9}.Release|x64.ActiveCfg = Release|x64
		{DD4D9C48-1B9C-4DA0-9357-158E69D683C9}.Release|x64.Build.0 = Release|x64
		{DD4D9C48-1B9C-4DA0-9357-158E69D683C9}.Release|x86.ActiveCfg = Release|Win32
		{DD4D9C48-1B9C-4DA0-9357-158E69D683C9}.Release|x86.Build.0 = Release|Win32
		{2664D759-B028-4412-B9A9-3FC86BF14458}.Debug|x64.ActiveCfg = Debug|x64
		{2664D759-B028-4412-B9A9-3FC86BF14458}.Debug|x64.Build.0 = Debug|x64
		{2664D759-B028-4412-B9A9-3FC86BF14458}.Debug|x86.ActiveCfg = Debug|Win32
		{2664D759-B028-4412-B9A9-3FC86BF14458}.Debug|x86.Build.0 = Debug|Win32
		{2664D759-B028-4412-B9A9-3FC86BF14458}.Release|x64.ActiveCfg = Release|x64
		{2664D759-B028-4412-B9A9-3FC86BF14458}.Release|x64.Build.0 = Release|x64
		{2664D759-B028-4412-B9A9-3FC86BF14458}.Release|x86.ActiveCfg = Release|Win32
		{2664D759-B028-4412-B9A9-3FC86BF14458}.Release|x86.Build.0 = Release|Win32
		{0E4600C4-0FBE-4D26-974C-CF4EA1D792F8}.Debug|x64.ActiveCfg = Debug|x64
		{0E4600C4-0FBE-4D26-974C-CF4EA1D792F8}.Debug|x64.Build.0 = Debug|x64
		{0E4600C4-0FBE-4D26-974C-CF4EA1D792F8}.Debug|x86.ActiveCfg = Debug|Win32
		{0E4600C4-0FBE-4D26-974C-CF4EA1D792F8}.Debug|x86.Build.0 = Debug|Win32
		{0E4600C4-0FBE-4D26-974C-CF4EA1D792F8}.Release|x64.ActiveCfg = Release|x64
		{0E4600C4-0FBE-4D26-974C-CF4EA1D792F8}.Release|x64.Build.0 = Release|x64
		{0E4600C4-0FBE-4D26-974C-CF4EA1D792F8}.Release|x86.ActiveCfg = Release|Win32
		{0E4600C4-0FBE-4D26-974C-CF4EA1D792F8}.Release|x86.Build.0 = Release|Win32
		{AFDFF268-AC3D-4CB4-92A0-8FA5855ABE75}.Debug|x64.ActiveCfg = Debug|x64
		{AFDFF268-AC3D-4CB4-92A0-8FA5855ABE75}.Debug|x64.Build.0 = Debug|x64
		{AFDFF268-AC3D-4CB4-92A0-8FA5855ABE75}.Debug|x86.ActiveCfg = Debug|Win32
		{AFDFF268-AC3D-4CB4-92A0-8FA5855ABE75}.Debug|x86.Build.0 = Debug|Win32
		{AFDFF268-AC3D-4CB4-92A0-8FA5855ABE75}.Release|x64.ActiveCfg = Release|x64
		{AFDFF268-AC3D-4CB4-92A0-8FA5855ABE75}.Release|x64.Build.0 = Release|x64
		{AFDFF268-AC3D-4CB4-92A0-8FA5855ABE75}.Release|x86.ActiveCfg = Release|Win32
		{AFDFF268-AC3D-4CB4-92A0-8FA5855ABE75}.Release|x86.Build.0 = Release|Win32
		{4892F16A-50A4-474B-BD95-9F59C6E5999B}.Debug|x64.ActiveCfg = Debug|x64
		{4892F16A-50A4-474B-BD95-9F59C6E5999B}.Debug|x64.Build.0 = Debug|x64
		{4892F16A-50A4-474B-BD95-9F59C6E5999B}.Debug|x86.ActiveCfg = Debug|Win32
		{4892F16A-50A4-474B-BD95-9F59C6E5999B}.Debug|x86.Build.0 = Debug|Win32
		{4892F16A-50A4-474B-BD95-9F59C6E5999B}.Release|x64.ActiveCfg = Release|x64
		{4892F16A-50A4-474B-BD95-9F59C6E5999B}.Release|x64.Build.0 = Release|x64
		{4892F16A-50A4-474B-BD95-9F59C6E5999B}.Release|x86.ActiveCfg = Release|Win32
		{4892F16A-50A4-474B-BD95-9F59C6E5999B}.Release|x86.Build.0 = Release|Win32
		{B51E7783-D962-497A-AE8E-3C0F60195759}.Debug|x64.ActiveCfg = Debug|x64
		{B51E7783-D962-497A-AE8E-3C0F60195759}.Debug|x64.Build.0 = Debug|x64
		{B51E7783-D962-497A-AE8E-3C0F60195759}.Debug|x86.ActiveCfg = Debug|Win32
		{B51E7783-D962-497A-AE8E-3C0F60195759}.Debug|x86.Build.0 = Debug|Win32
		{B51E7783-D962-497A-AE8E-3C0F60195759}.Release|x64.ActiveCfg = Release|x64
		{B51E7783-D962-497A-AE8E-3C0F60195759}.Release|x64.Build.0 = Release|x64
		{B51E7783-D962-497A-AE8E-3C0F60195759}.Release|x86.ActiveCfg = Release|Win32
		{B51E7783-D962-497A-AE8E-3C0F60195759}.Release|x86.Build.0 = Release|Win32
	EndGlobalSection
	GlobalSection(SolutionProperties) = preSolution
		HideSolutionNode = FALSE
	EndGlobalSection
	GlobalSection(ExtensibilityGlobals) = postSolution
		SolutionGuid = {3B269AD4-67C9-4E50-9FFC-3F3C8A46FB87}
	EndGlobalSection
EndGlobal
