<?xml version="1.0" encoding="utf-8"?>
<Project ToolsVersion="4.0" xmlns="http://schemas.microsoft.com/developer/msbuild/2003">
  <ItemGroup>
    <Filter Include="Source Files">
      <UniqueIdentifier>{4FC737F1-C7A5-4376-A066-2A32D752A2FF}</UniqueIdentifier>
      <Extensions>cpp;c;cc;cxx;c++;cppm;ixx;def;odl;idl;hpj;bat;asm;asmx</Extensions>
    </Filter>
    <Filter Include="Header Files">
      <UniqueIdentifier>{93995380-89BD-4b04-88EB-625FBE52EBFB}</UniqueIdentifier>
      <Extensions>h;hh;hpp;hxx;h++;hm;inl;inc;ipp;xsd</Extensions>
    </Filter>
    <Filter Include="Resource Files">
      <UniqueIdentifier>{67DA6AB6-F800-4c08-8B7A-83BB121AAD01}</UniqueIdentifier>
      <Extensions>rc;ico;cur;bmp;dlg;rc2;rct;bin;rgs;gif;jpg;jpeg;jpe;resx;tiff;tif;png;wav;mfcribbon-ms</Extensions>
    </Filter>
    <Filter Include="Source Files\impl">
      <UniqueIdentifier>{4c9c37ff-4995-46ef-bfb3-d7fd1c965ceb}</UniqueIdentifier>
    </Filter>
  </ItemGroup>
  <ItemGroup>
    <ClCompile Include="pch.cpp">
      <Filter>Source Files</Filter>
    </ClCompile>
    <ClCompile Include="math.cpp">
      <Filter>Source Files</Filter>
    </ClCompile>
    <ClCompile Include="NodeTests.cpp">
      <Filter>Source Files</Filter>
    </ClCompile>
    <ClCompile Include="ExtraDataTests.cpp">
      <Filter>Source Files</Filter>
    </ClCompile>
    <ClCompile Include="EmitterTests.cpp">
      <Filter>Source Files</Filter>
    </ClCompile>
    <ClCompile Include="ControllerTests.cpp">
      <Filter>Source Files</Filter>
    </ClCompile>
    <ClCompile Include="BSEffectShaderPropertyTests.cpp">
      <Filter>Source Files</Filter>
    </ClCompile>
    <ClCompile Include="ModifiersTests.cpp">
      <Filter>Source Files</Filter>
    </ClCompile>
    <ClCompile Include="ParticleSystemTests.cpp">
      <Filter>Source Files</Filter>
    </ClCompile>
    <ClCompile Include="objects.cpp">
      <Filter>Source Files</Filter>
    </ClCompile>
    <ClCompile Include="NiNodeImpl.cpp">
      <Filter>Source Files\impl</Filter>
    </ClCompile>
    <ClCompile Include="NiBaseImpl.cpp">
      <Filter>Source Files\impl</Filter>
    </ClCompile>
    <ClCompile Include="NiExtraDataImpl.cpp">
      <Filter>Source Files\impl</Filter>
    </ClCompile>
    <ClCompile Include="NiParticleSystemImpl.cpp">
      <Filter>Source Files\impl</Filter>
    </ClCompile>
    <ClCompile Include="ModifiersImpl.cpp">
      <Filter>Source Files\impl</Filter>
    </ClCompile>
    <ClCompile Include="ConstructorTests.cpp">
      <Filter>Source Files</Filter>
    </ClCompile>
    <ClCompile Include="PropertiesImpl.cpp">
      <Filter>Source Files\impl</Filter>
    </ClCompile>
    <ClCompile Include="EmittersImpl.cpp">
      <Filter>Source Files\impl</Filter>
    </ClCompile>
  </ItemGroup>
  <ItemGroup>
    <ClInclude Include="pch.h">
      <Filter>Header Files</Filter>
    </ClInclude>
    <ClInclude Include="CommonTests.h">
      <Filter>Header Files</Filter>
    </ClInclude>
    <ClInclude Include="Mocks.h">
      <Filter>Header Files</Filter>
    </ClInclude>
    <ClInclude Include="ConnectorTester.h">
      <Filter>Header Files</Filter>
    </ClInclude>
    <ClInclude Include="TestConstructor.h">
      <Filter>Header Files</Filter>
    </ClInclude>
    <ClInclude Include="FactoryTester.h">
      <Filter>Header Files</Filter>
    </ClInclude>
    <ClInclude Include="ForwardTester.h">
      <Filter>Header Files</Filter>
    </ClInclude>
    <ClInclude Include="ModifiersTests.h">
      <Filter>Header Files</Filter>
    </ClInclude>
  </ItemGroup>
</Project>