<?xml version="1.0" encoding="utf-8"?>
<Project ToolsVersion="4.0" xmlns="http://schemas.microsoft.com/developer/msbuild/2003">
  <ItemGroup>
    <Filter Include="Source Files">
      <UniqueIdentifier>{4FC737F1-C7A5-4376-A066-2A32D752A2FF}</UniqueIdentifier>
      <Extensions>cpp;c;cc;cxx;c++;cppm;ixx;def;odl;idl;hpj;bat;asm;asmx</Extensions>
    </Filter>
    <Filter Include="Header Files">
      <UniqueIdentifier>{93995380-89BD-4b04-88EB-625FBE52EBFB}</UniqueIdentifier>
      <Extensions>h;hh;hpp;hxx;h++;hm;inl;inc;ipp;xsd</Extensions>
    </Filter>
    <Filter Include="Resource Files">
      <UniqueIdentifier>{67DA6AB6-F800-4c08-8B7A-83BB121AAD01}</UniqueIdentifier>
      <Extensions>rc;ico;cur;bmp;dlg;rc2;rct;bin;rgs;gif;jpg;jpeg;jpe;resx;tiff;tif;png;wav;mfcribbon-ms</Extensions>
    </Filter>
    <Filter Include="Header Files\Objects">
      <UniqueIdentifier>{79620291-9ab8-4e7a-9885-8e4c1a50586f}</UniqueIdentifier>
    </Filter>
    <Filter Include="Source Files\Objects">
      <UniqueIdentifier>{22be1c92-31d9-4dcc-8c10-026a27b61458}</UniqueIdentifier>
    </Filter>
    <Filter Include="Header Files\Data fields">
      <UniqueIdentifier>{c0627712-5abd-4442-b600-9ea1a87cfb13}</UniqueIdentifier>
    </Filter>
    <Filter Include="Header Files\internal">
      <UniqueIdentifier>{dcc15632-e390-4bb2-aac0-a1b6d80669e6}</UniqueIdentifier>
    </Filter>
  </ItemGroup>
  <ItemGroup>
    <ClInclude Include="src\nif_types.h">
      <Filter>Header Files</Filter>
    </ClInclude>
    <ClInclude Include="src\pch.h">
      <Filter>Header Files</Filter>
    </ClInclude>
    <ClInclude Include="src\File.h">
      <Filter>Header Files</Filter>
    </ClInclude>
    <ClInclude Include="src\Assignable.h">
      <Filter>Header Files\Data fields</Filter>
    </ClInclude>
    <ClInclude Include="src\Property.h">
      <Filter>Header Files\Data fields</Filter>
    </ClInclude>
    <ClInclude Include="src\Set.h">
      <Filter>Header Files\Data fields</Filter>
    </ClInclude>
    <ClInclude Include="src\Sequence.h">
      <Filter>Header Files\Data fields</Filter>
    </ClInclude>
    <ClInclude Include="src\Vector.h">
      <Filter>Header Files\Data fields</Filter>
    </ClInclude>
    <ClInclude Include="src\nif_objects.h">
      <Filter>Header Files</Filter>
    </ClInclude>
    <ClInclude Include="src\nif.h">
      <Filter>Header Files</Filter>
    </ClInclude>
    <ClInclude Include="src\FlagSet.h">
      <Filter>Header Files\Data fields</Filter>
    </ClInclude>
    <ClInclude Include="src\List.h">
      <Filter>Header Files\Data fields</Filter>
    </ClInclude>
    <ClInclude Include="src\NiProperties.h">
      <Filter>Header Files\Objects</Filter>
    </ClInclude>
    <ClInclude Include="src\NiController.h">
      <Filter>Header Files\Objects</Filter>
    </ClInclude>
    <ClInclude Include="src\NiExtraData.h">
      <Filter>Header Files\Objects</Filter>
    </ClInclude>
    <ClInclude Include="src\NiNode.h">
      <Filter>Header Files\Objects</Filter>
    </ClInclude>
    <ClInclude Include="src\NiObject.h">
      <Filter>Header Files\Objects</Filter>
    </ClInclude>
    <ClInclude Include="src\NiParticleSystem.h">
      <Filter>Header Files\Objects</Filter>
    </ClInclude>
    <ClInclude Include="src\NiPSysEmitter.h">
      <Filter>Header Files\Objects</Filter>
    </ClInclude>
    <ClInclude Include="src\NiPSysModifier.h">
      <Filter>Header Files\Objects</Filter>
    </ClInclude>
    <ClInclude Include="src\Traversal.h">
      <Filter>Header Files</Filter>
    </ClInclude>
    <ClInclude Include="src\nif_data.h">
      <Filter>Header Files</Filter>
    </ClInclude>
    <ClInclude Include="src\NiControllerManager.h">
      <Filter>Header Files\Objects</Filter>
    </ClInclude>
    <ClInclude Include="src\NiControllerManager_internal.h">
      <Filter>Header Files\Objects</Filter>
    </ClInclude>
    <ClInclude Include="src\nif_backend.h">
      <Filter>Header Files\internal</Filter>
    </ClInclude>
    <ClInclude Include="src\nif_conversions.h">
      <Filter>Header Files\internal</Filter>
    </ClInclude>
    <ClInclude Include="src\nif_internal.h">
      <Filter>Header Files\internal</Filter>
    </ClInclude>
    <ClInclude Include="src\nif_traits.h">
      <Filter>Header Files\internal</Filter>
    </ClInclude>
  </ItemGroup>
  <ItemGroup>
    <ClCompile Include="src\nif_conversions.cpp">
      <Filter>Source Files</Filter>
    </ClCompile>
    <ClCompile Include="src\pch.cpp">
      <Filter>Source Files</Filter>
    </ClCompile>
    <ClCompile Include="src\File.cpp">
      <Filter>Source Files</Filter>
    </ClCompile>
    <ClCompile Include="src\NiProperties.cpp">
      <Filter>Source Files\Objects</Filter>
    </ClCompile>
    <ClCompile Include="src\NiController.cpp">
      <Filter>Source Files\Objects</Filter>
    </ClCompile>
    <ClCompile Include="src\NiExtraData.cpp">
      <Filter>Source Files\Objects</Filter>
    </ClCompile>
    <ClCompile Include="src\NiNode.cpp">
      <Filter>Source Files\Objects</Filter>
    </ClCompile>
    <ClCompile Include="src\NiObject.cpp">
      <Filter>Source Files\Objects</Filter>
    </ClCompile>
    <ClCompile Include="src\NiParticleSystem.cpp">
      <Filter>Source Files\Objects</Filter>
    </ClCompile>
    <ClCompile Include="src\NiPSysEmitter.cpp">
      <Filter>Source Files\Objects</Filter>
    </ClCompile>
    <ClCompile Include="src\NiPSysModifier.cpp">
      <Filter>Source Files\Objects</Filter>
    </ClCompile>
    <ClCompile Include="src\NiControllerManager.cpp">
      <Filter>Source Files\Objects</Filter>
    </ClCompile>
  </ItemGroup>
  <ItemGroup>
    <None Include="src\NiObject_internal.h">
      <Filter>Header Files\Objects</Filter>
    </None>
    <None Include="src\NiController_internal.h">
      <Filter>Header Files\Objects</Filter>
    </None>
    <None Include="src\NiExtraData_internal.h">
      <Filter>Header Files\Objects</Filter>
    </None>
    <None Include="src\NiNode_internal.h">
      <Filter>Header Files\Objects</Filter>
    </None>
    <None Include="src\NiParticleSystem_internal.h">
      <Filter>Header Files\Objects</Filter>
    </None>
    <None Include="src\NiProperties_internal.h">
      <Filter>Header Files\Objects</Filter>
    </None>
    <None Include="src\NiPSysModifier_internal.h">
      <Filter>Header Files\Objects</Filter>
    </None>
    <None Include="src\NiPSysEmitter_internal.h">
      <Filter>Header Files\Objects</Filter>
    </None>
    <None Include="src\File.inl">
      <Filter>Header Files\internal</Filter>
    </None>
  </ItemGroup>
</Project>