<?xml version="1.0" encoding="utf-8"?>
<Project ToolsVersion="4.0" xmlns="http://schemas.microsoft.com/developer/msbuild/2003">
  <ItemGroup>
    <Filter Include="Source Files">
      <UniqueIdentifier>{4FC737F1-C7A5-4376-A066-2A32D752A2FF}</UniqueIdentifier>
      <Extensions>cpp;c;cc;cxx;c++;cppm;ixx;def;odl;idl;hpj;bat;asm;asmx</Extensions>
    </Filter>
    <Filter Include="Header Files">
      <UniqueIdentifier>{93995380-89BD-4b04-88EB-625FBE52EBFB}</UniqueIdentifier>
      <Extensions>h;hh;hpp;hxx;h++;hm;inl;inc;ipp;xsd</Extensions>
    </Filter>
    <Filter Include="Resource Files">
      <UniqueIdentifier>{67DA6AB6-F800-4c08-8B7A-83BB121AAD01}</UniqueIdentifier>
      <Extensions>rc;ico;cur;bmp;dlg;rc2;rct;bin;rgs;gif;jpg;jpeg;jpe;resx;tiff;tif;png;wav;mfcribbon-ms</Extensions>
    </Filter>
    <Filter Include="Header Files\NiTypes">
      <UniqueIdentifier>{1eda6d9a-407c-45c1-8639-fc9b28d86c8d}</UniqueIdentifier>
    </Filter>
    <Filter Include="Header Files\Nodes">
      <UniqueIdentifier>{e904cfb2-a49a-45f5-93f4-183c5d0dfb1b}</UniqueIdentifier>
    </Filter>
    <Filter Include="Header Files\Controls">
      <UniqueIdentifier>{16499604-c752-4071-aff1-11512a7d75bc}</UniqueIdentifier>
    </Filter>
    <Filter Include="Source Files\Nodes">
      <UniqueIdentifier>{d39648fd-2777-47f6-bd99-74e7acf75b5d}</UniqueIdentifier>
    </Filter>
  </ItemGroup>
  <ItemGroup>
    <ClInclude Include="src\pch.h">
      <Filter>Header Files</Filter>
    </ClInclude>
    <ClInclude Include="src\node_devices.h">
      <Filter>Header Files</Filter>
    </ClInclude>
    <ClInclude Include="src\style.h">
      <Filter>Header Files</Filter>
    </ClInclude>
    <ClInclude Include="src\widget_types.h">
      <Filter>Header Files</Filter>
    </ClInclude>
    <ClInclude Include="src\Editor.h">
      <Filter>Header Files</Filter>
    </ClInclude>
    <ClInclude Include="src\nodes.h">
      <Filter>Header Files\Nodes</Filter>
    </ClInclude>
    <ClInclude Include="src\Constructor.h">
      <Filter>Header Files</Filter>
    </ClInclude>
    <ClInclude Include="src\NodeBase.h">
      <Filter>Header Files</Filter>
    </ClInclude>
    <ClInclude Include="src\Node.h">
      <Filter>Header Files\Nodes</Filter>
    </ClInclude>
    <ClInclude Include="src\Controls.h">
      <Filter>Header Files\Controls</Filter>
    </ClInclude>
    <ClInclude Include="src\ExtraData.h">
      <Filter>Header Files\Nodes</Filter>
    </ClInclude>
    <ClInclude Include="src\node_concepts.h">
      <Filter>Header Files</Filter>
    </ClInclude>
    <ClInclude Include="src\node_traits.h">
      <Filter>Header Files</Filter>
    </ClInclude>
    <ClInclude Include="src\Emitters.h">
      <Filter>Header Files\Nodes</Filter>
    </ClInclude>
    <ClInclude Include="src\Shaders.h">
      <Filter>Header Files\Nodes</Filter>
    </ClInclude>
    <ClInclude Include="src\AVObject.h">
      <Filter>Header Files\Nodes</Filter>
    </ClInclude>
    <ClInclude Include="src\ParticleSystem.h">
      <Filter>Header Files\Nodes</Filter>
    </ClInclude>
    <ClInclude Include="src\Modifier.h">
      <Filter>Header Files\Nodes</Filter>
    </ClInclude>
    <ClInclude Include="src\RotationModifier.h">
      <Filter>Header Files\Nodes</Filter>
    </ClInclude>
    <ClInclude Include="src\GravityModifier.h">
      <Filter>Header Files\Nodes</Filter>
    </ClInclude>
    <ClInclude Include="src\ScaleModifier.h">
      <Filter>Header Files\Nodes</Filter>
    </ClInclude>
    <ClInclude Include="src\SimpleColourModifier.h">
      <Filter>Header Files\Nodes</Filter>
    </ClInclude>
    <ClInclude Include="src\Positioner.h">
      <Filter>Header Files</Filter>
    </ClInclude>
    <ClInclude Include="src\Controllers.h">
      <Filter>Header Files\Nodes</Filter>
    </ClInclude>
    <ClInclude Include="src\KeyEditor.h">
      <Filter>Header Files</Filter>
    </ClInclude>
    <ClInclude Include="src\node_conversions.h">
      <Filter>Header Files</Filter>
    </ClInclude>
  </ItemGroup>
  <ItemGroup>
    <ClCompile Include="src\pch.cpp">
      <Filter>Source Files</Filter>
    </ClCompile>
    <ClCompile Include="src\Editor.cpp">
      <Filter>Source Files</Filter>
    </ClCompile>
    <ClCompile Include="src\NodeBase.cpp">
      <Filter>Source Files</Filter>
    </ClCompile>
    <ClCompile Include="src\Controls.cpp">
      <Filter>Source Files</Filter>
    </ClCompile>
    <ClCompile Include="src\Constructor.cpp">
      <Filter>Source Files</Filter>
    </ClCompile>
    <ClCompile Include="src\Positioner.cpp">
      <Filter>Source Files</Filter>
    </ClCompile>
    <ClCompile Include="src\KeyEditor.cpp">
      <Filter>Source Files</Filter>
    </ClCompile>
    <ClCompile Include="src\node_conversions.cpp">
      <Filter>Source Files</Filter>
    </ClCompile>
    <ClCompile Include="src\AVObject.cpp">
      <Filter>Source Files\Nodes</Filter>
    </ClCompile>
    <ClCompile Include="src\Controllers.cpp">
      <Filter>Source Files\Nodes</Filter>
    </ClCompile>
    <ClCompile Include="src\Emitters.cpp">
      <Filter>Source Files\Nodes</Filter>
    </ClCompile>
    <ClCompile Include="src\ExtraData.cpp">
      <Filter>Source Files\Nodes</Filter>
    </ClCompile>
    <ClCompile Include="src\GravityModifier.cpp">
      <Filter>Source Files\Nodes</Filter>
    </ClCompile>
    <ClCompile Include="src\Modifier.cpp">
      <Filter>Source Files\Nodes</Filter>
    </ClCompile>
    <ClCompile Include="src\Node.cpp">
      <Filter>Source Files\Nodes</Filter>
    </ClCompile>
    <ClCompile Include="src\ParticleSystem.cpp">
      <Filter>Source Files\Nodes</Filter>
    </ClCompile>
    <ClCompile Include="src\RotationModifier.cpp">
      <Filter>Source Files\Nodes</Filter>
    </ClCompile>
    <ClCompile Include="src\ScaleModifier.cpp">
      <Filter>Source Files\Nodes</Filter>
    </ClCompile>
    <ClCompile Include="src\SimpleColourModifier.cpp">
      <Filter>Source Files\Nodes</Filter>
    </ClCompile>
    <ClCompile Include="src\Shaders.cpp">
      <Filter>Source Files\Nodes</Filter>
    </ClCompile>
  </ItemGroup>
  <ItemGroup>
    <None Include="cpp.hint" />
  </ItemGroup>
</Project>